<Solution>
  <Folder Name="/BC-Contracts/">
    <Project Path="src/BC-Contracts/Lab.BoundedContextContracts.Inventory/Lab.BoundedContextContracts.Inventory.csproj" />
    <Project Path="src/BC-Contracts/Lab.BoundedContextContracts.Orders/Lab.BoundedContextContracts.Orders.csproj" />
    <Project Path="src/BC-Contracts/Lab.BoundedContextContracts.Products/Lab.BoundedContextContracts.Products.csproj" />
    <Project Path="src/BC-Contracts/Lab.BoundedContextContracts.Procurement/Lab.BoundedContextContracts.Procurement.csproj" />
  </Folder>
  <Folder Name="/BuildingBlocks/">
    <Project Path="src/BuildingBlocks/Lab.BuildingBlocks.Domains/Lab.BuildingBlocks.Domains.csproj" />
    <Project Path="src/BuildingBlocks/Lab.BuildingBlocks.Application/Lab.BuildingBlocks.Application.csproj" />
    <Project Path="src/BuildingBlocks/Lab.BuildingBlocks.Integrations/Lab.BuildingBlocks.Integrations.csproj" />
  </Folder>
  <Folder Name="/Inventory/" />
  <Folder Name="/Inventory/DomainCore/">
    <Project Path="src/Inventory/DomainCore/InventoryControl.Applications/InventoryControl.Applications.csproj" />
    <Project Path="src/Inventory/DomainCore/InventoryControl.Domains/InventoryControl.Domains.csproj" />
    <Project Path="src/Inventory/DomainCore/InventoryControl.Infrastructure/InventoryControl.Infrastructure.csproj" />
  </Folder>
  <Folder Name="/Inventory/Presentation/">
    <Project Path="src/Inventory/Presentation/InventoryControl.Consumer/InventoryControl.Consumer.csproj" />
    <Project Path="src/Inventory/Presentation/InventoryControl.WebApi/InventoryControl.WebApi.csproj" />
  </Folder>
  <Folder Name="/Order/" />
  <Folder Name="/Procurement/" />
  <Folder Name="/Procurement/DomainCore/">
    <Project Path="src/Procurement/DomainCore/Procurement.Applications/Procurement.Applications.csproj" />
    <Project Path="src/Procurement/DomainCore/Procurement.Domains/Procurement.Domains.csproj" />
    <Project Path="src/Procurement/DomainCore/Procurement.Infrastructure/Procurement.Infrastructure.csproj" />
  </Folder>
  <Folder Name="/Procurement/Presentation/">
    <Project Path="src/Procurement/Presentation/Procurement.WebApi/Procurement.WebApi.csproj" />
  </Folder>
  <Folder Name="/Order/DomainCore/">
    <Project Path="src/Order/DomainCore/SaleOrders.Applications/SaleOrders.Applications.csproj" />
    <Project Path="src/Order/DomainCore/SaleOrders.Domains/SaleOrders.Domains.csproj" />
    <Project Path="src/Order/DomainCore/SaleOrders.Infrastructure/SaleOrders.Infrastructure.csproj" />
  </Folder>
  <Folder Name="/Order/Presentation/">
    <Project Path="src/Order/Presentation/SaleOrders.Consumer/SaleOrders.Consumer.csproj" />
    <Project Path="src/Order/Presentation/SaleOrders.WebApi/SaleOrders.WebApi.csproj" />
  </Folder>
  <Folder Name="/Product/" />
  <Folder Name="/Product/DomainCore/">
    <Project Path="src/Product/DomainCore/SaleProducts.Applications/SaleProducts.Applications.csproj" />
    <Project Path="src/Product/DomainCore/SaleProducts.Domains/SaleProducts.Domains.csproj" />
    <Project Path="src/Product/DomainCore/SaleProducts.Infrastructure/SaleProducts.Infrastructure.csproj" />
  </Folder>
  <Folder Name="/Product/Presentation/">
    <Project Path="src/Product/Presentation/SaleProducts.Consumer/SaleProducts.Consumer.csproj" />
    <Project Path="src/Product/Presentation/SaleProducts.WebApi/SaleProducts.WebApi.csproj" />
  </Folder>
  <Folder Name="/Shared/">
    <Project Path="src/Shared/Lab.SharedKernel/Lab.SharedKernel.csproj" />
  </Folder>
  <Folder Name="/Samples/EfCoreWolverine/DomainCore/">
    <Project Path="samples/EfCoreWolverine/EfCoreWolverine.Application/EfCoreWolverine.Application.csproj" />
    <Project Path="samples/EfCoreWolverine/EfCoreWolverine.Infrastructure/EfCoreWolverine.Infrastructure.csproj" />
  </Folder>
  <Folder Name="/Samples/EfCoreWolverine/Presentation/">
    <Project Path="samples/EfCoreWolverine/EfCoreWolverine.Host/EfCoreWolverine.Host.csproj" />
  </Folder>
  <Folder Name="/Samples/SupplierSandbox/">
    <Project Path="samples/SupplierSandbox/SupplierSandbox.WebApi/SupplierSandbox.WebApi.csproj" />
  </Folder>
  <Folder Name="/Samples/SupplierMock/">
    <Project Path="samples/SupplierMock/SupplierMock.WebApi/SupplierMock.WebApi.csproj" />
  </Folder>
  <Folder Name="/tests/">
    <Project Path="tests/EfCoreWolverine.Tests/EfCoreWolverine.Tests.csproj" />
    <Project Path="tests/InventoryControl.Tests/InventoryControl.Tests.csproj" />
    <Project Path="tests/Procurement.Tests/Procurement.Tests.csproj" />
    <Project Path="tests/SaleOrders.Tests/SaleOrders.Tests.csproj" />
    <Project Path="tests/SaleProducts.Tests/SaleProducts.Tests.csproj" />
    <Project Path="tests/SaleOrders.Domains.Tests/SaleOrders.Domains.Tests.csproj" />
    <Project Path="tests/SaleProducts.Domains.Tests/SaleProducts.Domains.Tests.csproj" />
    <Project Path="tests/SupplierSandbox.Tests/SupplierSandbox.Tests.csproj" />
    <Project Path="tests/SupplierMock.Tests/SupplierMock.Tests.csproj" />
  </Folder>
</Solution>
